
Microsoft Visual Studio Solution File, Format Version 12.00
# Visual Studio 14
VisualStudioVersion = 14.0.23107.0
MinimumVisualStudioVersion = 10.0.40219.1
Project("{FAE04EC0-301F-11D3-BF4B-00C04F79EFBC}") = "HW10", "HW10\HW10.csproj", "{1EA11566-2C56-47D2-8F48-8529B145AF05}"
EndProject
Project("{FAE04EC0-301F-11D3-BF4B-00C04F79EFBC}") = "HW10_2", "HW10_2\HW10_2.csproj", "{7AFE1317-7CDD-4FBD-95C0-B76EC6860419}"
EndProject
Project("{FAE04EC0-301F-11D3-BF4B-00C04F79EFBC}") = "HW10_3", "HW10_3\HW10_3.csproj", "{7BE5F96C-80A1-4DB1-883C-8EA5BBF1AC85}"
EndProject
Global
	GlobalSection(SolutionConfigurationPlatforms) = preSolution
		Debug|Any CPU = Debug|Any CPU
		Release|Any CPU = Release|Any CPU
	EndGlobalSection
	GlobalSection(ProjectConfigurationPlatforms) = postSolution
		{1EA11566-2C56-47D2-8F48-8529B145AF05}.Debug|Any CPU.ActiveCfg = Debug|Any CPU
		{1EA11566-2C56-47D2-8F48-8529B145AF05}.Debug|Any CPU.Build.0 = Debug|Any CPU
		{1EA11566-2C56-47D2-8F48-8529B145AF05}.Release|Any CPU.ActiveCfg = Release|Any CPU
		{1EA11566-2C56-47D2-8F48-8529B145AF05}.Release|Any CPU.Build.0 = Release|Any CPU
		{7AFE1317-7CDD-4FBD-95C0-B76EC6860419}.Debug|Any CPU.ActiveCfg = Debug|Any CPU
		{7AFE1317-7CDD-4FBD-95C0-B76EC6860419}.Debug|Any CPU.Build.0 = Debug|Any CPU
		{7AFE1317-7CDD-4FBD-95C0-B76EC6860419}.Release|Any CPU.ActiveCfg = Release|Any CPU
		{7AFE1317-7CDD-4FBD-95C0-B76EC6860419}.Release|Any CPU.Build.0 = Release|Any CPU
		{7BE5F96C-80A1-4DB1-883C-8EA5BBF1AC85}.Debug|Any CPU.ActiveCfg = Debug|Any CPU
		{7BE5F96C-80A1-4DB1-883C-8EA5BBF1AC85}.Debug|Any CPU.Build.0 = Debug|Any CPU
		{7BE5F96C-80A1-4DB1-883C-8EA5BBF1AC85}.Release|Any CPU.ActiveCfg = Release|Any CPU
		{7BE5F96C-80A1-4DB1-883C-8EA5BBF1AC85}.Release|Any CPU.Build.0 = Release|Any CPU
	EndGlobalSection
	GlobalSection(SolutionProperties) = preSolution
		HideSolutionNode = FALSE
	EndGlobalSection
EndGlobal
