
Microsoft Visual Studio Solution File, Format Version 12.00
# Visual Studio 14
VisualStudioVersion = 14.0.23107.0
MinimumVisualStudioVersion = 10.0.40219.1
Project("{FAE04EC0-301F-11D3-BF4B-00C04F79EFBC}") = "HW2_2", "HW2\HW2_2.csproj", "{02257E72-1D5E-440D-BFB9-AE7738FEBDC9}"
EndProject
Project("{FAE04EC0-301F-11D3-BF4B-00C04F79EFBC}") = "HW2_1", "HW2_1\HW2_1.csproj", "{90E35CEE-EF23-4698-868E-F46F0E3EF18A}"
EndProject
Global
	GlobalSection(SolutionConfigurationPlatforms) = preSolution
		Debug|Any CPU = Debug|Any CPU
		Release|Any CPU = Release|Any CPU
	EndGlobalSection
	GlobalSection(ProjectConfigurationPlatforms) = postSolution
		{02257E72-1D5E-440D-BFB9-AE7738FEBDC9}.Debug|Any CPU.ActiveCfg = Debug|Any CPU
		{02257E72-1D5E-440D-BFB9-AE7738FEBDC9}.Debug|Any CPU.Build.0 = Debug|Any CPU
		{02257E72-1D5E-440D-BFB9-AE7738FEBDC9}.Release|Any CPU.ActiveCfg = Release|Any CPU
		{02257E72-1D5E-440D-BFB9-AE7738FEBDC9}.Release|Any CPU.Build.0 = Release|Any CPU
		{90E35CEE-EF23-4698-868E-F46F0E3EF18A}.Debug|Any CPU.ActiveCfg = Debug|Any CPU
		{90E35CEE-EF23-4698-868E-F46F0E3EF18A}.Debug|Any CPU.Build.0 = Debug|Any CPU
		{90E35CEE-EF23-4698-868E-F46F0E3EF18A}.Release|Any CPU.ActiveCfg = Release|Any CPU
		{90E35CEE-EF23-4698-868E-F46F0E3EF18A}.Release|Any CPU.Build.0 = Release|Any CPU
	EndGlobalSection
	GlobalSection(SolutionProperties) = preSolution
		HideSolutionNode = FALSE
	EndGlobalSection
EndGlobal
