
Microsoft Visual Studio Solution File, Format Version 12.00
# Visual Studio 14
VisualStudioVersion = 14.0.23107.0
MinimumVisualStudioVersion = 10.0.40219.1
Project("{FAE04EC0-301F-11D3-BF4B-00C04F79EFBC}") = "HW25", "HW25\HW25.csproj", "{6C0BB171-D9FD-42C4-9522-B3246D4B3D9C}"
EndProject
Project("{FAE04EC0-301F-11D3-BF4B-00C04F79EFBC}") = "HW25_2", "HW25_2\HW25_2.csproj", "{13C31D04-E5E7-4897-B319-1B2EA94C9F4B}"
EndProject
Global
	GlobalSection(SolutionConfigurationPlatforms) = preSolution
		Debug|Any CPU = Debug|Any CPU
		Release|Any CPU = Release|Any CPU
	EndGlobalSection
	GlobalSection(ProjectConfigurationPlatforms) = postSolution
		{6C0BB171-D9FD-42C4-9522-B3246D4B3D9C}.Debug|Any CPU.ActiveCfg = Debug|Any CPU
		{6C0BB171-D9FD-42C4-9522-B3246D4B3D9C}.Debug|Any CPU.Build.0 = Debug|Any CPU
		{6C0BB171-D9FD-42C4-9522-B3246D4B3D9C}.Release|Any CPU.ActiveCfg = Release|Any CPU
		{6C0BB171-D9FD-42C4-9522-B3246D4B3D9C}.Release|Any CPU.Build.0 = Release|Any CPU
		{13C31D04-E5E7-4897-B319-1B2EA94C9F4B}.Debug|Any CPU.ActiveCfg = Debug|Any CPU
		{13C31D04-E5E7-4897-B319-1B2EA94C9F4B}.Debug|Any CPU.Build.0 = Debug|Any CPU
		{13C31D04-E5E7-4897-B319-1B2EA94C9F4B}.Release|Any CPU.ActiveCfg = Release|Any CPU
		{13C31D04-E5E7-4897-B319-1B2EA94C9F4B}.Release|Any CPU.Build.0 = Release|Any CPU
	EndGlobalSection
	GlobalSection(SolutionProperties) = preSolution
		HideSolutionNode = FALSE
	EndGlobalSection
EndGlobal
