
Microsoft Visual Studio Solution File, Format Version 12.00
# Visual Studio 14
VisualStudioVersion = 14.0.23107.0
MinimumVisualStudioVersion = 10.0.40219.1
Project("{FAE04EC0-301F-11D3-BF4B-00C04F79EFBC}") = "HW21", "HW21\HW21.csproj", "{75E5A0F2-1E00-48C6-8E43-3459452C632E}"
EndProject
Global
	GlobalSection(SolutionConfigurationPlatforms) = preSolution
		Debug|Any CPU = Debug|Any CPU
		Release|Any CPU = Release|Any CPU
	EndGlobalSection
	GlobalSection(ProjectConfigurationPlatforms) = postSolution
		{75E5A0F2-1E00-48C6-8E43-3459452C632E}.Debug|Any CPU.ActiveCfg = Debug|Any CPU
		{75E5A0F2-1E00-48C6-8E43-3459452C632E}.Debug|Any CPU.Build.0 = Debug|Any CPU
		{75E5A0F2-1E00-48C6-8E43-3459452C632E}.Release|Any CPU.ActiveCfg = Release|Any CPU
		{75E5A0F2-1E00-48C6-8E43-3459452C632E}.Release|Any CPU.Build.0 = Release|Any CPU
	EndGlobalSection
	GlobalSection(SolutionProperties) = preSolution
		HideSolutionNode = FALSE
	EndGlobalSection
EndGlobal
